// !$*UTF8*$!
{
	archiveVersion = 1;
	classes = {
	};
	objectVersion = 46;
	objects = {

/* Begin PBXBuildFile section */
		3363595789CBC8303495AC0A /* Pods_YHANBLTests.framework in Frameworks */ = {isa = PBXBuildFile; fileRef = C5721D8A27D11DCB3F8811BA /* Pods_YHANBLTests.framework */; };
		A584C3461D101B4E00E18D0C /* Arca-Heavy.ttf in Resources */ = {isa = PBXBuildFile; fileRef = A584C3451D101B4E00E18D0C /* Arca-Heavy.ttf */; };
		A584C34F1D101C9700E18D0C /* Montserrat-Black.otf in Resources */ = {isa = PBXBuildFile; fileRef = A584C3471D101C9700E18D0C /* Montserrat-Black.otf */; };
		A584C3501D101C9700E18D0C /* Montserrat-Bold.otf in Resources */ = {isa = PBXBuildFile; fileRef = A584C3481D101C9700E18D0C /* Montserrat-Bold.otf */; };
		A584C3511D101C9700E18D0C /* Montserrat-ExtraBold.otf in Resources */ = {isa = PBXBuildFile; fileRef = A584C3491D101C9700E18D0C /* Montserrat-ExtraBold.otf */; };
		A584C3521D101C9700E18D0C /* Montserrat-Hairline.otf in Resources */ = {isa = PBXBuildFile; fileRef = A584C34A1D101C9700E18D0C /* Montserrat-Hairline.otf */; };
		A584C3531D101C9700E18D0C /* Montserrat-Light.otf in Resources */ = {isa = PBXBuildFile; fileRef = A584C34B1D101C9700E18D0C /* Montserrat-Light.otf */; };
		A584C3541D101C9700E18D0C /* Montserrat-Regular.otf in Resources */ = {isa = PBXBuildFile; fileRef = A584C34C1D101C9700E18D0C /* Montserrat-Regular.otf */; };
		A584C3551D101C9700E18D0C /* Montserrat-SemiBold.otf in Resources */ = {isa = PBXBuildFile; fileRef = A584C34D1D101C9700E18D0C /* Montserrat-SemiBold.otf */; };
		A584C3561D101C9700E18D0C /* Montserrat-UltraLight.otf in Resources */ = {isa = PBXBuildFile; fileRef = A584C34E1D101C9700E18D0C /* Montserrat-UltraLight.otf */; };
		A598A4891D0E2EF50054EE65 /* WriteViewController.swift in Sources */ = {isa = PBXBuildFile; fileRef = A598A4881D0E2EF50054EE65 /* WriteViewController.swift */; };
		A598A48B1D0E56F80054EE65 /* CustomView.swift in Sources */ = {isa = PBXBuildFile; fileRef = A598A48A1D0E56F80054EE65 /* CustomView.swift */; };
		A598A49E1D0E63E70054EE65 /* CustomOverlayView.xib in Resources */ = {isa = PBXBuildFile; fileRef = A598A49D1D0E63E70054EE65 /* CustomOverlayView.xib */; };
		A598A4A01D0E640B0054EE65 /* CustomOverlayView.swift in Sources */ = {isa = PBXBuildFile; fileRef = A598A49F1D0E640B0054EE65 /* CustomOverlayView.swift */; };
		A598A4A21D0E69040054EE65 /* CustomKolodaView.xib in Resources */ = {isa = PBXBuildFile; fileRef = A598A4A11D0E69040054EE65 /* CustomKolodaView.xib */; };
		A598A4A41D0E69330054EE65 /* CustomKolodaView.swift in Sources */ = {isa = PBXBuildFile; fileRef = A598A4A31D0E69330054EE65 /* CustomKolodaView.swift */; };
		A5A70DA61D0C432600594A4A /* Letter.swift in Sources */ = {isa = PBXBuildFile; fileRef = A5A70DA51D0C432600594A4A /* Letter.swift */; };
		A5A70DA81D0C4E2C00594A4A /* SingleViewController.swift in Sources */ = {isa = PBXBuildFile; fileRef = A5A70DA71D0C4E2C00594A4A /* SingleViewController.swift */; };
		A5B022FE1D0CD87C00929133 /* KolodaViewController.swift in Sources */ = {isa = PBXBuildFile; fileRef = A5B022FD1D0CD87C00929133 /* KolodaViewController.swift */; };
		A5B6320E1D0BB58100243D83 /* AppDelegate.swift in Sources */ = {isa = PBXBuildFile; fileRef = A5B6320D1D0BB58100243D83 /* AppDelegate.swift */; };
		A5B632151D0BB58100243D83 /* Assets.xcassets in Resources */ = {isa = PBXBuildFile; fileRef = A5B632141D0BB58100243D83 /* Assets.xcassets */; };
		A5B632181D0BB58100243D83 /* LaunchScreen.storyboard in Resources */ = {isa = PBXBuildFile; fileRef = A5B632161D0BB58100243D83 /* LaunchScreen.storyboard */; };
		A5B632231D0BB58100243D83 /* YHANBLTests.swift in Sources */ = {isa = PBXBuildFile; fileRef = A5B632221D0BB58100243D83 /* YHANBLTests.swift */; };
		A5B6322E1D0BB5E100243D83 /* TableViewController.swift in Sources */ = {isa = PBXBuildFile; fileRef = A5B6322D1D0BB5E100243D83 /* TableViewController.swift */; };
		A5B632301D0BB70800243D83 /* TableViewCell.swift in Sources */ = {isa = PBXBuildFile; fileRef = A5B6322F1D0BB70800243D83 /* TableViewCell.swift */; };
		A5B632341D0BBD4400243D83 /* CollectionViewCell.swift in Sources */ = {isa = PBXBuildFile; fileRef = A5B632331D0BBD4400243D83 /* CollectionViewCell.swift */; };
		A5FE53CA1D0CD7D200E54FFD /* Main.storyboard in Resources */ = {isa = PBXBuildFile; fileRef = A5FE53C91D0CD7D200E54FFD /* Main.storyboard */; };
		B0176A908C073869659CBDEE /* Pods_YHANBL.framework in Frameworks */ = {isa = PBXBuildFile; fileRef = 8FEEEB1AD6DB97CEF7DB1653 /* Pods_YHANBL.framework */; };
/* End PBXBuildFile section */

/* Begin PBXContainerItemProxy section */
		A5B6321F1D0BB58100243D83 /* PBXContainerItemProxy */ = {
			isa = PBXContainerItemProxy;
			containerPortal = A5B632021D0BB58100243D83 /* Project object */;
			proxyType = 1;
			remoteGlobalIDString = A5B632091D0BB58100243D83;
			remoteInfo = YHANBL;
		};
/* End PBXContainerItemProxy section */

/* Begin PBXFileReference section */
		76FDF792EDBC7D4799E4E07A /* Pods-YHANBL.release.xcconfig */ = {isa = PBXFileReference; includeInIndex = 1; lastKnownFileType = text.xcconfig; name = "Pods-YHANBL.release.xcconfig"; path = "Pods/Target Support Files/Pods-YHANBL/Pods-YHANBL.release.xcconfig"; sourceTree = "<group>"; };
		84988CE4D8A4E2DEF19674E8 /* Pods-YHANBLTests.debug.xcconfig */ = {isa = PBXFileReference; includeInIndex = 1; lastKnownFileType = text.xcconfig; name = "Pods-YHANBLTests.debug.xcconfig"; path = "Pods/Target Support Files/Pods-YHANBLTests/Pods-YHANBLTests.debug.xcconfig"; sourceTree = "<group>"; };
		8F500A4B9E755B722EC80011 /* Pods-YHANBL.debug.xcconfig */ = {isa = PBXFileReference; includeInIndex = 1; lastKnownFileType = text.xcconfig; name = "Pods-YHANBL.debug.xcconfig"; path = "Pods/Target Support Files/Pods-YHANBL/Pods-YHANBL.debug.xcconfig"; sourceTree = "<group>"; };
		8FEEEB1AD6DB97CEF7DB1653 /* Pods_YHANBL.framework */ = {isa = PBXFileReference; explicitFileType = wrapper.framework; includeInIndex = 0; path = Pods_YHANBL.framework; sourceTree = BUILT_PRODUCTS_DIR; };
		A584C3451D101B4E00E18D0C /* Arca-Heavy.ttf */ = {isa = PBXFileReference; lastKnownFileType = file; name = "Arca-Heavy.ttf"; path = "Fonts/Arca-Heavy.ttf"; sourceTree = "<group>"; };
		A584C3471D101C9700E18D0C /* Montserrat-Black.otf */ = {isa = PBXFileReference; lastKnownFileType = file; name = "Montserrat-Black.otf"; path = "Fonts/Montserrat-Black.otf"; sourceTree = "<group>"; };
		A584C3481D101C9700E18D0C /* Montserrat-Bold.otf */ = {isa = PBXFileReference; lastKnownFileType = file; name = "Montserrat-Bold.otf"; path = "Fonts/Montserrat-Bold.otf"; sourceTree = "<group>"; };
		A584C3491D101C9700E18D0C /* Montserrat-ExtraBold.otf */ = {isa = PBXFileReference; lastKnownFileType = file; name = "Montserrat-ExtraBold.otf"; path = "Fonts/Montserrat-ExtraBold.otf"; sourceTree = "<group>"; };
		A584C34A1D101C9700E18D0C /* Montserrat-Hairline.otf */ = {isa = PBXFileReference; lastKnownFileType = file; name = "Montserrat-Hairline.otf"; path = "Fonts/Montserrat-Hairline.otf"; sourceTree = "<group>"; };
		A584C34B1D101C9700E18D0C /* Montserrat-Light.otf */ = {isa = PBXFileReference; lastKnownFileType = file; name = "Montserrat-Light.otf"; path = "Fonts/Montserrat-Light.otf"; sourceTree = "<group>"; };
		A584C34C1D101C9700E18D0C /* Montserrat-Regular.otf */ = {isa = PBXFileReference; lastKnownFileType = file; name = "Montserrat-Regular.otf"; path = "Fonts/Montserrat-Regular.otf"; sourceTree = "<group>"; };
		A584C34D1D101C9700E18D0C /* Montserrat-SemiBold.otf */ = {isa = PBXFileReference; lastKnownFileType = file; name = "Montserrat-SemiBold.otf"; path = "Fonts/Montserrat-SemiBold.otf"; sourceTree = "<group>"; };
		A584C34E1D101C9700E18D0C /* Montserrat-UltraLight.otf */ = {isa = PBXFileReference; lastKnownFileType = file; name = "Montserrat-UltraLight.otf"; path = "Fonts/Montserrat-UltraLight.otf"; sourceTree = "<group>"; };
		A598A4881D0E2EF50054EE65 /* WriteViewController.swift */ = {isa = PBXFileReference; fileEncoding = 4; lastKnownFileType = sourcecode.swift; path = WriteViewController.swift; sourceTree = "<group>"; };
		A598A48A1D0E56F80054EE65 /* CustomView.swift */ = {isa = PBXFileReference; fileEncoding = 4; lastKnownFileType = sourcecode.swift; name = CustomView.swift; path = YHANBL/Classes/CustomView.swift; sourceTree = SOURCE_ROOT; };
		A598A49D1D0E63E70054EE65 /* CustomOverlayView.xib */ = {isa = PBXFileReference; fileEncoding = 4; lastKnownFileType = file.xib; path = CustomOverlayView.xib; sourceTree = "<group>"; };
		A598A49F1D0E640B0054EE65 /* CustomOverlayView.swift */ = {isa = PBXFileReference; fileEncoding = 4; lastKnownFileType = sourcecode.swift; path = CustomOverlayView.swift; sourceTree = "<group>"; };
		A598A4A11D0E69040054EE65 /* CustomKolodaView.xib */ = {isa = PBXFileReference; fileEncoding = 4; lastKnownFileType = file.xib; path = CustomKolodaView.xib; sourceTree = "<group>"; };
		A598A4A31D0E69330054EE65 /* CustomKolodaView.swift */ = {isa = PBXFileReference; fileEncoding = 4; lastKnownFileType = sourcecode.swift; path = CustomKolodaView.swift; sourceTree = "<group>"; };
		A5A70DA51D0C432600594A4A /* Letter.swift */ = {isa = PBXFileReference; fileEncoding = 4; lastKnownFileType = sourcecode.swift; path = Letter.swift; sourceTree = "<group>"; };
		A5A70DA71D0C4E2C00594A4A /* SingleViewController.swift */ = {isa = PBXFileReference; fileEncoding = 4; lastKnownFileType = sourcecode.swift; path = SingleViewController.swift; sourceTree = "<group>"; };
		A5B022FD1D0CD87C00929133 /* KolodaViewController.swift */ = {isa = PBXFileReference; fileEncoding = 4; lastKnownFileType = sourcecode.swift; path = KolodaViewController.swift; sourceTree = "<group>"; };
		A5B6320A1D0BB58100243D83 /* YHANBL.app */ = {isa = PBXFileReference; explicitFileType = wrapper.application; includeInIndex = 0; path = YHANBL.app; sourceTree = BUILT_PRODUCTS_DIR; };
		A5B6320D1D0BB58100243D83 /* AppDelegate.swift */ = {isa = PBXFileReference; lastKnownFileType = sourcecode.swift; path = AppDelegate.swift; sourceTree = "<group>"; };
		A5B632141D0BB58100243D83 /* Assets.xcassets */ = {isa = PBXFileReference; lastKnownFileType = folder.assetcatalog; path = Assets.xcassets; sourceTree = "<group>"; };
		A5B632171D0BB58100243D83 /* Base */ = {isa = PBXFileReference; lastKnownFileType = file.storyboard; name = Base; path = Base.lproj/LaunchScreen.storyboard; sourceTree = "<group>"; };
		A5B632191D0BB58100243D83 /* Info.plist */ = {isa = PBXFileReference; lastKnownFileType = text.plist.xml; path = Info.plist; sourceTree = "<group>"; };
		A5B6321E1D0BB58100243D83 /* YHANBLTests.xctest */ = {isa = PBXFileReference; explicitFileType = wrapper.cfbundle; includeInIndex = 0; path = YHANBLTests.xctest; sourceTree = BUILT_PRODUCTS_DIR; };
		A5B632221D0BB58100243D83 /* YHANBLTests.swift */ = {isa = PBXFileReference; lastKnownFileType = sourcecode.swift; path = YHANBLTests.swift; sourceTree = "<group>"; };
		A5B632241D0BB58100243D83 /* Info.plist */ = {isa = PBXFileReference; lastKnownFileType = text.plist.xml; path = Info.plist; sourceTree = "<group>"; };
		A5B6322D1D0BB5E100243D83 /* TableViewController.swift */ = {isa = PBXFileReference; fileEncoding = 4; lastKnownFileType = sourcecode.swift; path = TableViewController.swift; sourceTree = "<group>"; };
		A5B6322F1D0BB70800243D83 /* TableViewCell.swift */ = {isa = PBXFileReference; fileEncoding = 4; lastKnownFileType = sourcecode.swift; path = TableViewCell.swift; sourceTree = "<group>"; };
		A5B632331D0BBD4400243D83 /* CollectionViewCell.swift */ = {isa = PBXFileReference; fileEncoding = 4; lastKnownFileType = sourcecode.swift; path = CollectionViewCell.swift; sourceTree = "<group>"; };
		A5FE53C91D0CD7D200E54FFD /* Main.storyboard */ = {isa = PBXFileReference; fileEncoding = 4; lastKnownFileType = file.storyboard; path = Main.storyboard; sourceTree = "<group>"; };
		C5721D8A27D11DCB3F8811BA /* Pods_YHANBLTests.framework */ = {isa = PBXFileReference; explicitFileType = wrapper.framework; includeInIndex = 0; path = Pods_YHANBLTests.framework; sourceTree = BUILT_PRODUCTS_DIR; };
		D9ABE2AF5159859EAB80B157 /* Pods-YHANBLTests.release.xcconfig */ = {isa = PBXFileReference; includeInIndex = 1; lastKnownFileType = text.xcconfig; name = "Pods-YHANBLTests.release.xcconfig"; path = "Pods/Target Support Files/Pods-YHANBLTests/Pods-YHANBLTests.release.xcconfig"; sourceTree = "<group>"; };
/* End PBXFileReference section */

/* Begin PBXFrameworksBuildPhase section */
		A5B632071D0BB58100243D83 /* Frameworks */ = {
			isa = PBXFrameworksBuildPhase;
			buildActionMask = 2147483647;
			files = (
				B0176A908C073869659CBDEE /* Pods_YHANBL.framework in Frameworks */,
			);
			runOnlyForDeploymentPostprocessing = 0;
		};
		A5B6321B1D0BB58100243D83 /* Frameworks */ = {
			isa = PBXFrameworksBuildPhase;
			buildActionMask = 2147483647;
			files = (
				3363595789CBC8303495AC0A /* Pods_YHANBLTests.framework in Frameworks */,
			);
			runOnlyForDeploymentPostprocessing = 0;
		};
/* End PBXFrameworksBuildPhase section */

/* Begin PBXGroup section */
		283ED4732408E7CB87B72BB9 /* Frameworks */ = {
			isa = PBXGroup;
			children = (
				8FEEEB1AD6DB97CEF7DB1653 /* Pods_YHANBL.framework */,
				C5721D8A27D11DCB3F8811BA /* Pods_YHANBLTests.framework */,
			);
			name = Frameworks;
			sourceTree = "<group>";
		};
		9EBA19A259DDFFE236095F62 /* Pods */ = {
			isa = PBXGroup;
			children = (
				8F500A4B9E755B722EC80011 /* Pods-YHANBL.debug.xcconfig */,
				76FDF792EDBC7D4799E4E07A /* Pods-YHANBL.release.xcconfig */,
				84988CE4D8A4E2DEF19674E8 /* Pods-YHANBLTests.debug.xcconfig */,
				D9ABE2AF5159859EAB80B157 /* Pods-YHANBLTests.release.xcconfig */,
			);
			name = Pods;
			sourceTree = "<group>";
		};
		A584C3441D101AEB00E18D0C /* Fonts */ = {
			isa = PBXGroup;
			children = (
				A584C3471D101C9700E18D0C /* Montserrat-Black.otf */,
				A584C3481D101C9700E18D0C /* Montserrat-Bold.otf */,
				A584C3491D101C9700E18D0C /* Montserrat-ExtraBold.otf */,
				A584C34A1D101C9700E18D0C /* Montserrat-Hairline.otf */,
				A584C34B1D101C9700E18D0C /* Montserrat-Light.otf */,
				A584C34C1D101C9700E18D0C /* Montserrat-Regular.otf */,
				A584C34D1D101C9700E18D0C /* Montserrat-SemiBold.otf */,
				A584C34E1D101C9700E18D0C /* Montserrat-UltraLight.otf */,
				A584C3451D101B4E00E18D0C /* Arca-Heavy.ttf */,
			);
			name = Fonts;
			sourceTree = "<group>";
		};
		A598A48E1D0E5C4C0054EE65 /* KolodaFiles */ = {
			isa = PBXGroup;
			children = (
				A598A49D1D0E63E70054EE65 /* CustomOverlayView.xib */,
				A598A49F1D0E640B0054EE65 /* CustomOverlayView.swift */,
				A598A4A11D0E69040054EE65 /* CustomKolodaView.xib */,
				A598A4A31D0E69330054EE65 /* CustomKolodaView.swift */,
			);
			path = KolodaFiles;
			sourceTree = "<group>";
		};
		A5B632011D0BB58100243D83 = {
			isa = PBXGroup;
			children = (
				A5B6320C1D0BB58100243D83 /* YHANBL */,
				A5B632211D0BB58100243D83 /* YHANBLTests */,
				A5B6320B1D0BB58100243D83 /* Products */,
				9EBA19A259DDFFE236095F62 /* Pods */,
				283ED4732408E7CB87B72BB9 /* Frameworks */,
			);
			sourceTree = "<group>";
		};
		A5B6320B1D0BB58100243D83 /* Products */ = {
			isa = PBXGroup;
			children = (
				A5B6320A1D0BB58100243D83 /* YHANBL.app */,
				A5B6321E1D0BB58100243D83 /* YHANBLTests.xctest */,
			);
			name = Products;
			sourceTree = "<group>";
		};
		A5B6320C1D0BB58100243D83 /* YHANBL */ = {
			isa = PBXGroup;
			children = (
				A584C3441D101AEB00E18D0C /* Fonts */,
				A598A48E1D0E5C4C0054EE65 /* KolodaFiles */,
				A5B6323A1D0BC73C00243D83 /* Classes */,
				A5B632391D0BC70F00243D83 /* Controllers */,
				A5B6320D1D0BB58100243D83 /* AppDelegate.swift */,
				A5FE53C91D0CD7D200E54FFD /* Main.storyboard */,
				A5B632141D0BB58100243D83 /* Assets.xcassets */,
				A5B632161D0BB58100243D83 /* LaunchScreen.storyboard */,
				A5B632191D0BB58100243D83 /* Info.plist */,
			);
			path = YHANBL;
			sourceTree = "<group>";
		};
		A5B632211D0BB58100243D83 /* YHANBLTests */ = {
			isa = PBXGroup;
			children = (
				A5B632221D0BB58100243D83 /* YHANBLTests.swift */,
				A5B632241D0BB58100243D83 /* Info.plist */,
			);
			path = YHANBLTests;
			sourceTree = "<group>";
		};
		A5B632391D0BC70F00243D83 /* Controllers */ = {
			isa = PBXGroup;
			children = (
				A5A70DA71D0C4E2C00594A4A /* SingleViewController.swift */,
				A5B6322D1D0BB5E100243D83 /* TableViewController.swift */,
				A5B022FD1D0CD87C00929133 /* KolodaViewController.swift */,
				A598A48A1D0E56F80054EE65 /* CustomView.swift */,
				A598A4881D0E2EF50054EE65 /* WriteViewController.swift */,
			);
			path = Controllers;
			sourceTree = "<group>";
		};
		A5B6323A1D0BC73C00243D83 /* Classes */ = {
			isa = PBXGroup;
			children = (
				A5B6322F1D0BB70800243D83 /* TableViewCell.swift */,
				A5B632331D0BBD4400243D83 /* CollectionViewCell.swift */,
				A5A70DA51D0C432600594A4A /* Letter.swift */,
			);
			path = Classes;
			sourceTree = "<group>";
		};
/* End PBXGroup section */

/* Begin PBXNativeTarget section */
		A5B632091D0BB58100243D83 /* YHANBL */ = {
			isa = PBXNativeTarget;
			buildConfigurationList = A5B632271D0BB58100243D83 /* Build configuration list for PBXNativeTarget "YHANBL" */;
			buildPhases = (
				2330EFA6180E528ACA9A5919 /* [CP] Check Pods Manifest.lock */,
				A5B632061D0BB58100243D83 /* Sources */,
				A5B632071D0BB58100243D83 /* Frameworks */,
				A5B632081D0BB58100243D83 /* Resources */,
				E9F44881699ED7DB0B4F4165 /* [CP] Embed Pods Frameworks */,
				0E69B44207FB9AD12578A31F /* [CP] Copy Pods Resources */,
			);
			buildRules = (
			);
			dependencies = (
			);
			name = YHANBL;
			productName = YHANBL;
			productReference = A5B6320A1D0BB58100243D83 /* YHANBL.app */;
			productType = "com.apple.product-type.application";
		};
		A5B6321D1D0BB58100243D83 /* YHANBLTests */ = {
			isa = PBXNativeTarget;
			buildConfigurationList = A5B6322A1D0BB58100243D83 /* Build configuration list for PBXNativeTarget "YHANBLTests" */;
			buildPhases = (
				00966C63BCD7374C7E66BBF8 /* [CP] Check Pods Manifest.lock */,
				A5B6321A1D0BB58100243D83 /* Sources */,
				A5B6321B1D0BB58100243D83 /* Frameworks */,
				A5B6321C1D0BB58100243D83 /* Resources */,
				3489449650B6C3950D7DFB88 /* [CP] Embed Pods Frameworks */,
				76C27C647831E24DFA425CE0 /* [CP] Copy Pods Resources */,
			);
			buildRules = (
			);
			dependencies = (
				A5B632201D0BB58100243D83 /* PBXTargetDependency */,
			);
			name = YHANBLTests;
			productName = YHANBLTests;
			productReference = A5B6321E1D0BB58100243D83 /* YHANBLTests.xctest */;
			productType = "com.apple.product-type.bundle.unit-test";
		};
/* End PBXNativeTarget section */

/* Begin PBXProject section */
		A5B632021D0BB58100243D83 /* Project object */ = {
			isa = PBXProject;
			attributes = {
				LastSwiftUpdateCheck = 0730;
				LastUpgradeCheck = 0730;
				ORGANIZATIONNAME = "Benjamin Chareyron";
				TargetAttributes = {
					A5B632091D0BB58100243D83 = {
						CreatedOnToolsVersion = 7.3.1;
						DevelopmentTeam = RAB7X2WD2D;
					};
					A5B6321D1D0BB58100243D83 = {
						CreatedOnToolsVersion = 7.3.1;
						TestTargetID = A5B632091D0BB58100243D83;
					};
				};
			};
			buildConfigurationList = A5B632051D0BB58100243D83 /* Build configuration list for PBXProject "YHANBL" */;
			compatibilityVersion = "Xcode 3.2";
			developmentRegion = English;
			hasScannedForEncodings = 0;
			knownRegions = (
				en,
				Base,
			);
			mainGroup = A5B632011D0BB58100243D83;
			productRefGroup = A5B6320B1D0BB58100243D83 /* Products */;
			projectDirPath = "";
			projectRoot = "";
			targets = (
				A5B632091D0BB58100243D83 /* YHANBL */,
				A5B6321D1D0BB58100243D83 /* YHANBLTests */,
			);
		};
/* End PBXProject section */

/* Begin PBXResourcesBuildPhase section */
		A5B632081D0BB58100243D83 /* Resources */ = {
			isa = PBXResourcesBuildPhase;
			buildActionMask = 2147483647;
			files = (
				A584C3531D101C9700E18D0C /* Montserrat-Light.otf in Resources */,
				A584C3511D101C9700E18D0C /* Montserrat-ExtraBold.otf in Resources */,
				A584C3561D101C9700E18D0C /* Montserrat-UltraLight.otf in Resources */,
				A5FE53CA1D0CD7D200E54FFD /* Main.storyboard in Resources */,
				A598A4A21D0E69040054EE65 /* CustomKolodaView.xib in Resources */,
				A598A49E1D0E63E70054EE65 /* CustomOverlayView.xib in Resources */,
				A5B632181D0BB58100243D83 /* LaunchScreen.storyboard in Resources */,
				A584C3551D101C9700E18D0C /* Montserrat-SemiBold.otf in Resources */,
				A5B632151D0BB58100243D83 /* Assets.xcassets in Resources */,
				A584C3461D101B4E00E18D0C /* Arca-Heavy.ttf in Resources */,
				A584C34F1D101C9700E18D0C /* Montserrat-Black.otf in Resources */,
				A584C3521D101C9700E18D0C /* Montserrat-Hairline.otf in Resources */,
				A584C3501D101C9700E18D0C /* Montserrat-Bold.otf in Resources */,
				A584C3541D101C9700E18D0C /* Montserrat-Regular.otf in Resources */,
			);
			runOnlyForDeploymentPostprocessing = 0;
		};
		A5B6321C1D0BB58100243D83 /* Resources */ = {
			isa = PBXResourcesBuildPhase;
			buildActionMask = 2147483647;
			files = (
			);
			runOnlyForDeploymentPostprocessing = 0;
		};
/* End PBXResourcesBuildPhase section */

/* Begin PBXShellScriptBuildPhase section */
		00966C63BCD7374C7E66BBF8 /* [CP] Check Pods Manifest.lock */ = {
			isa = PBXShellScriptBuildPhase;
			buildActionMask = 2147483647;
			files = (
			);
			inputPaths = (
			);
			name = "[CP] Check Pods Manifest.lock";
			outputPaths = (
			);
			runOnlyForDeploymentPostprocessing = 0;
			shellPath = /bin/sh;
			shellScript = "diff \"${PODS_ROOT}/../Podfile.lock\" \"${PODS_ROOT}/Manifest.lock\" > /dev/null\nif [[ $? != 0 ]] ; then\n    cat << EOM\nerror: The sandbox is not in sync with the Podfile.lock. Run 'pod install' or update your CocoaPods installation.\nEOM\n    exit 1\nfi\n";
			showEnvVarsInLog = 0;
		};
		0E69B44207FB9AD12578A31F /* [CP] Copy Pods Resources */ = {
			isa = PBXShellScriptBuildPhase;
			buildActionMask = 2147483647;
			files = (
			);
			inputPaths = (
			);
			name = "[CP] Copy Pods Resources";
			outputPaths = (
			);
			runOnlyForDeploymentPostprocessing = 0;
			shellPath = /bin/sh;
			shellScript = "\"${SRCROOT}/Pods/Target Support Files/Pods-YHANBL/Pods-YHANBL-resources.sh\"\n";
			showEnvVarsInLog = 0;
		};
		2330EFA6180E528ACA9A5919 /* [CP] Check Pods Manifest.lock */ = {
			isa = PBXShellScriptBuildPhase;
			buildActionMask = 2147483647;
			files = (
			);
			inputPaths = (
			);
			name = "[CP] Check Pods Manifest.lock";
			outputPaths = (
			);
			runOnlyForDeploymentPostprocessing = 0;
			shellPath = /bin/sh;
			shellScript = "diff \"${PODS_ROOT}/../Podfile.lock\" \"${PODS_ROOT}/Manifest.lock\" > /dev/null\nif [[ $? != 0 ]] ; then\n    cat << EOM\nerror: The sandbox is not in sync with the Podfile.lock. Run 'pod install' or update your CocoaPods installation.\nEOM\n    exit 1\nfi\n";
			showEnvVarsInLog = 0;
		};
		3489449650B6C3950D7DFB88 /* [CP] Embed Pods Frameworks */ = {
			isa = PBXShellScriptBuildPhase;
			buildActionMask = 2147483647;
			files = (
			);
			inputPaths = (
			);
			name = "[CP] Embed Pods Frameworks";
			outputPaths = (
			);
			runOnlyForDeploymentPostprocessing = 0;
			shellPath = /bin/sh;
			shellScript = "\"${SRCROOT}/Pods/Target Support Files/Pods-YHANBLTests/Pods-YHANBLTests-frameworks.sh\"\n";
			showEnvVarsInLog = 0;
		};
		76C27C647831E24DFA425CE0 /* [CP] Copy Pods Resources */ = {
			isa = PBXShellScriptBuildPhase;
			buildActionMask = 2147483647;
			files = (
			);
			inputPaths = (
			);
			name = "[CP] Copy Pods Resources";
			outputPaths = (
			);
			runOnlyForDeploymentPostprocessing = 0;
			shellPath = /bin/sh;
			shellScript = "\"${SRCROOT}/Pods/Target Support Files/Pods-YHANBLTests/Pods-YHANBLTests-resources.sh\"\n";
			showEnvVarsInLog = 0;
		};
		E9F44881699ED7DB0B4F4165 /* [CP] Embed Pods Frameworks */ = {
			isa = PBXShellScriptBuildPhase;
			buildActionMask = 2147483647;
			files = (
			);
			inputPaths = (
			);
			name = "[CP] Embed Pods Frameworks";
			outputPaths = (
			);
			runOnlyForDeploymentPostprocessing = 0;
			shellPath = /bin/sh;
			shellScript = "\"${SRCROOT}/Pods/Target Support Files/Pods-YHANBL/Pods-YHANBL-frameworks.sh\"\n";
			showEnvVarsInLog = 0;
		};
/* End PBXShellScriptBuildPhase section */

/* Begin PBXSourcesBuildPhase section */
		A5B632061D0BB58100243D83 /* Sources */ = {
			isa = PBXSourcesBuildPhase;
			buildActionMask = 2147483647;
			files = (
				A598A4A41D0E69330054EE65 /* CustomKolodaView.swift in Sources */,
				A5A70DA81D0C4E2C00594A4A /* SingleViewController.swift in Sources */,
				A598A48B1D0E56F80054EE65 /* CustomView.swift in Sources */,
				A5B632341D0BBD4400243D83 /* CollectionViewCell.swift in Sources */,
				A5B022FE1D0CD87C00929133 /* KolodaViewController.swift in Sources */,
				A5B632301D0BB70800243D83 /* TableViewCell.swift in Sources */,
				A5A70DA61D0C432600594A4A /* Letter.swift in Sources */,
				A5B6320E1D0BB58100243D83 /* AppDelegate.swift in Sources */,
				A598A4891D0E2EF50054EE65 /* WriteViewController.swift in Sources */,
				A598A4A01D0E640B0054EE65 /* CustomOverlayView.swift in Sources */,
				A5B6322E1D0BB5E100243D83 /* TableViewController.swift in Sources */,
			);
			runOnlyForDeploymentPostprocessing = 0;
		};
		A5B6321A1D0BB58100243D83 /* Sources */ = {
			isa = PBXSourcesBuildPhase;
			buildActionMask = 2147483647;
			files = (
				A5B632231D0BB58100243D83 /* YHANBLTests.swift in Sources */,
			);
			runOnlyForDeploymentPostprocessing = 0;
		};
/* End PBXSourcesBuildPhase section */

/* Begin PBXTargetDependency section */
		A5B632201D0BB58100243D83 /* PBXTargetDependency */ = {
			isa = PBXTargetDependency;
			target = A5B632091D0BB58100243D83 /* YHANBL */;
			targetProxy = A5B6321F1D0BB58100243D83 /* PBXContainerItemProxy */;
		};
/* End PBXTargetDependency section */

/* Begin PBXVariantGroup section */
		A5B632161D0BB58100243D83 /* LaunchScreen.storyboard */ = {
			isa = PBXVariantGroup;
			children = (
				A5B632171D0BB58100243D83 /* Base */,
			);
			name = LaunchScreen.storyboard;
			sourceTree = "<group>";
		};
/* End PBXVariantGroup section */

/* Begin XCBuildConfiguration section */
		A5B632251D0BB58100243D83 /* Debug */ = {
			isa = XCBuildConfiguration;
			buildSettings = {
				ALWAYS_SEARCH_USER_PATHS = NO;
				CLANG_ANALYZER_NONNULL = YES;
				CLANG_CXX_LANGUAGE_STANDARD = "gnu++0x";
				CLANG_CXX_LIBRARY = "libc++";
				CLANG_ENABLE_MODULES = YES;
				CLANG_ENABLE_OBJC_ARC = YES;
				CLANG_WARN_BOOL_CONVERSION = YES;
				CLANG_WARN_CONSTANT_CONVERSION = YES;
				CLANG_WARN_DIRECT_OBJC_ISA_USAGE = YES_ERROR;
				CLANG_WARN_EMPTY_BODY = YES;
				CLANG_WARN_ENUM_CONVERSION = YES;
				CLANG_WARN_INT_CONVERSION = YES;
				CLANG_WARN_OBJC_ROOT_CLASS = YES_ERROR;
				CLANG_WARN_UNREACHABLE_CODE = YES;
				CLANG_WARN__DUPLICATE_METHOD_MATCH = YES;
				"CODE_SIGN_IDENTITY[sdk=iphoneos*]" = "iPhone Developer";
				COPY_PHASE_STRIP = NO;
				DEBUG_INFORMATION_FORMAT = dwarf;
				ENABLE_STRICT_OBJC_MSGSEND = YES;
				ENABLE_TESTABILITY = YES;
				GCC_C_LANGUAGE_STANDARD = gnu99;
				GCC_DYNAMIC_NO_PIC = NO;
				GCC_NO_COMMON_BLOCKS = YES;
				GCC_OPTIMIZATION_LEVEL = 0;
				GCC_PREPROCESSOR_DEFINITIONS = (
					"DEBUG=1",
					"$(inherited)",
				);
				GCC_WARN_64_TO_32_BIT_CONVERSION = YES;
				GCC_WARN_ABOUT_RETURN_TYPE = YES_ERROR;
				GCC_WARN_UNDECLARED_SELECTOR = YES;
				GCC_WARN_UNINITIALIZED_AUTOS = YES_AGGRESSIVE;
				GCC_WARN_UNUSED_FUNCTION = YES;
				GCC_WARN_UNUSED_VARIABLE = YES;
				IPHONEOS_DEPLOYMENT_TARGET = 9.3;
				MTL_ENABLE_DEBUG_INFO = YES;
				ONLY_ACTIVE_ARCH = YES;
				SDKROOT = iphoneos;
				SWIFT_OPTIMIZATION_LEVEL = "-Onone";
			};
			name = Debug;
		};
		A5B632261D0BB58100243D83 /* Release */ = {
			isa = XCBuildConfiguration;
			buildSettings = {
				ALWAYS_SEARCH_USER_PATHS = NO;
				CLANG_ANALYZER_NONNULL = YES;
				CLANG_CXX_LANGUAGE_STANDARD = "gnu++0x";
				CLANG_CXX_LIBRARY = "libc++";
				CLANG_ENABLE_MODULES = YES;
				CLANG_ENABLE_OBJC_ARC = YES;
				CLANG_WARN_BOOL_CONVERSION = YES;
				CLANG_WARN_CONSTANT_CONVERSION = YES;
				CLANG_WARN_DIRECT_OBJC_ISA_USAGE = YES_ERROR;
				CLANG_WARN_EMPTY_BODY = YES;
				CLANG_WARN_ENUM_CONVERSION = YES;
				CLANG_WARN_INT_CONVERSION = YES;
				CLANG_WARN_OBJC_ROOT_CLASS = YES_ERROR;
				CLANG_WARN_UNREACHABLE_CODE = YES;
				CLANG_WARN__DUPLICATE_METHOD_MATCH = YES;
				"CODE_SIGN_IDENTITY[sdk=iphoneos*]" = "iPhone Developer";
				COPY_PHASE_STRIP = NO;
				DEBUG_INFORMATION_FORMAT = "dwarf-with-dsym";
				ENABLE_NS_ASSERTIONS = NO;
				ENABLE_STRICT_OBJC_MSGSEND = YES;
				GCC_C_LANGUAGE_STANDARD = gnu99;
				GCC_NO_COMMON_BLOCKS = YES;
				GCC_WARN_64_TO_32_BIT_CONVERSION = YES;
				GCC_WARN_ABOUT_RETURN_TYPE = YES_ERROR;
				GCC_WARN_UNDECLARED_SELECTOR = YES;
				GCC_WARN_UNINITIALIZED_AUTOS = YES_AGGRESSIVE;
				GCC_WARN_UNUSED_FUNCTION = YES;
				GCC_WARN_UNUSED_VARIABLE = YES;
				IPHONEOS_DEPLOYMENT_TARGET = 9.3;
				MTL_ENABLE_DEBUG_INFO = NO;
				SDKROOT = iphoneos;
				VALIDATE_PRODUCT = YES;
			};
			name = Release;
		};
		A5B632281D0BB58100243D83 /* Debug */ = {
			isa = XCBuildConfiguration;
			baseConfigurationReference = 8F500A4B9E755B722EC80011 /* Pods-YHANBL.debug.xcconfig */;
			buildSettings = {
				ASSETCATALOG_COMPILER_APPICON_NAME = AppIcon;
				CODE_SIGN_IDENTITY = "iPhone Developer";
				"CODE_SIGN_IDENTITY[sdk=iphoneos*]" = "iPhone Developer";
				INFOPLIST_FILE = YHANBL/Info.plist;
				LD_RUNPATH_SEARCH_PATHS = "$(inherited) @executable_path/Frameworks";
				PRODUCT_BUNDLE_IDENTIFIER = com.benjaminchareyron.YHANBL;
				PRODUCT_NAME = "$(TARGET_NAME)";
				PROVISIONING_PROFILE = "";
			};
			name = Debug;
		};
		A5B632291D0BB58100243D83 /* Release */ = {
			isa = XCBuildConfiguration;
			baseConfigurationReference = 76FDF792EDBC7D4799E4E07A /* Pods-YHANBL.release.xcconfig */;
			buildSettings = {
				ASSETCATALOG_COMPILER_APPICON_NAME = AppIcon;
				CODE_SIGN_IDENTITY = "iPhone Developer";
				"CODE_SIGN_IDENTITY[sdk=iphoneos*]" = "iPhone Developer";
				INFOPLIST_FILE = YHANBL/Info.plist;
				LD_RUNPATH_SEARCH_PATHS = "$(inherited) @executable_path/Frameworks";
				PRODUCT_BUNDLE_IDENTIFIER = com.benjaminchareyron.YHANBL;
				PRODUCT_NAME = "$(TARGET_NAME)";
				PROVISIONING_PROFILE = "";
			};
			name = Release;
		};
		A5B6322B1D0BB58100243D83 /* Debug */ = {
			isa = XCBuildConfiguration;
			baseConfigurationReference = 84988CE4D8A4E2DEF19674E8 /* Pods-YHANBLTests.debug.xcconfig */;
			buildSettings = {
				BUNDLE_LOADER = "$(TEST_HOST)";
				INFOPLIST_FILE = YHANBLTests/Info.plist;
				LD_RUNPATH_SEARCH_PATHS = "$(inherited) @executable_path/Frameworks @loader_path/Frameworks";
				PRODUCT_BUNDLE_IDENTIFIER = com.benjaminchareyron.YHANBLTests;
				PRODUCT_NAME = "$(TARGET_NAME)";
				TEST_HOST = "$(BUILT_PRODUCTS_DIR)/YHANBL.app/YHANBL";
			};
			name = Debug;
		};
		A5B6322C1D0BB58100243D83 /* Release */ = {
			isa = XCBuildConfiguration;
			baseConfigurationReference = D9ABE2AF5159859EAB80B157 /* Pods-YHANBLTests.release.xcconfig */;
			buildSettings = {
				BUNDLE_LOADER = "$(TEST_HOST)";
				INFOPLIST_FILE = YHANBLTests/Info.plist;
				LD_RUNPATH_SEARCH_PATHS = "$(inherited) @executable_path/Frameworks @loader_path/Frameworks";
				PRODUCT_BUNDLE_IDENTIFIER = com.benjaminchareyron.YHANBLTests;
				PRODUCT_NAME = "$(TARGET_NAME)";
				TEST_HOST = "$(BUILT_PRODUCTS_DIR)/YHANBL.app/YHANBL";
			};
			name = Release;
		};
/* End XCBuildConfiguration section */

/* Begin XCConfigurationList section */
		A5B632051D0BB58100243D83 /* Build configuration list for PBXProject "YHANBL" */ = {
			isa = XCConfigurationList;
			buildConfigurations = (
				A5B632251D0BB58100243D83 /* Debug */,
				A5B632261D0BB58100243D83 /* Release */,
			);
			defaultConfigurationIsVisible = 0;
			defaultConfigurationName = Release;
		};
		A5B632271D0BB58100243D83 /* Build configuration list for PBXNativeTarget "YHANBL" */ = {
			isa = XCConfigurationList;
			buildConfigurations = (
				A5B632281D0BB58100243D83 /* Debug */,
				A5B632291D0BB58100243D83 /* Release */,
			);
			defaultConfigurationIsVisible = 0;
			defaultConfigurationName = Release;
		};
		A5B6322A1D0BB58100243D83 /* Build configuration list for PBXNativeTarget "YHANBLTests" */ = {
			isa = XCConfigurationList;
			buildConfigurations = (
				A5B6322B1D0BB58100243D83 /* Debug */,
				A5B6322C1D0BB58100243D83 /* Release */,
			);
			defaultConfigurationIsVisible = 0;
			defaultConfigurationName = Release;
		};
/* End XCConfigurationList section */
	};
	rootObject = A5B632021D0BB58100243D83 /* Project object */;
}
